
Microsoft Visual Studio Solution File, Format Version 12.00
# Visual Studio Version 17
VisualStudioVersion = 17.0.32014.148
MinimumVisualStudioVersion = 10.0.40219.1
Project("{FAE04EC0-301F-11D3-BF4B-00C04F79EFBC}") = "ErrorHandling", "ErrorHandling\ErrorHandling.csproj", "{B87405D0-CA87-455C-9249-0F384CCE3811}"
EndProject
Global
	GlobalSection(SolutionConfigurationPlatforms) = preSolution
		Debug|Any CPU = Debug|Any CPU
		Release|Any CPU = Release|Any CPU
	EndGlobalSection
	GlobalSection(ProjectConfigurationPlatforms) = postSolution
		{B87405D0-CA87-455C-9249-0F384CCE3811}.Debug|Any CPU.ActiveCfg = Debug|Any CPU
		{B87405D0-CA87-455C-9249-0F384CCE3811}.Debug|Any CPU.Build.0 = Debug|Any CPU
		{B87405D0-CA87-455C-9249-0F384CCE3811}.Release|Any CPU.ActiveCfg = Release|Any CPU
		{B87405D0-CA87-455C-9249-0F384CCE3811}.Release|Any CPU.Build.0 = Release|Any CPU
	EndGlobalSection
	GlobalSection(SolutionProperties) = preSolution
		HideSolutionNode = FALSE
	EndGlobalSection
	GlobalSection(ExtensibilityGlobals) = postSolution
		SolutionGuid = {42609A37-78B3-4575-89AE-09AA613BB6EE}
	EndGlobalSection
EndGlobal
